PODS:
  - HexColors (2.3.0)
  - TSMessages (1.0.0):
    - HexColors (~> 2.3.0)

DEPENDENCIES:
  - TSMessages (from `../`)

SPEC REPOS:
  https://github.com/CocoaPods/Specs:
    - HexColors

EXTERNAL SOURCES:
  TSMessages:
    :path: "../"

SPEC CHECKSUMS:
  HexColors: 6ad3947c3447a055a3aa8efa859def096351fe5f
  TSMessages: 8e7226c0dfbf0d6e83bfca6f671c8ea6bfe3c03c

PODFILE CHECKSUM: 488728422c989909cb9dd9931663541d3433e8f5

COCOAPODS: 1.8.4
